
Microsoft Visual Studio Solution File, Format Version 12.00
# Visual Studio Version 17
VisualStudioVersion = 17.13.35818.85 d17.13
MinimumVisualStudioVersion = 10.0.40219.1
Project("{FAE04EC0-301F-11D3-BF4B-00C04F79EFBC}") = "EmployeeAttendanceSystem.Server", "EmployeeAttendanceSystem.Server\EmployeeAttendanceSystem.Server.csproj", "{5690CC4A-85FC-4DB5-8895-A9FF93CB88D6}"
EndProject
Global
	GlobalSection(SolutionConfigurationPlatforms) = preSolution
		Debug|Any CPU = Debug|Any CPU
		Release|Any CPU = Release|Any CPU
	EndGlobalSection
	GlobalSection(ProjectConfigurationPlatforms) = postSolution
		{5690CC4A-85FC-4DB5-8895-A9FF93CB88D6}.Debug|Any CPU.ActiveCfg = Debug|Any CPU
		{5690CC4A-85FC-4DB5-8895-A9FF93CB88D6}.Debug|Any CPU.Build.0 = Debug|Any CPU
		{5690CC4A-85FC-4DB5-8895-A9FF93CB88D6}.Release|Any CPU.ActiveCfg = Release|Any CPU
		{5690CC4A-85FC-4DB5-8895-A9FF93CB88D6}.Release|Any CPU.Build.0 = Release|Any CPU
	EndGlobalSection
	GlobalSection(SolutionProperties) = preSolution
		HideSolutionNode = FALSE
	EndGlobalSection
	GlobalSection(ExtensibilityGlobals) = postSolution
		SolutionGuid = {8A95C1B7-1CF3-4D82-B281-3788A2090F9E}
	EndGlobalSection
EndGlobal
